// !$*UTF8*$!
{
	archiveVersion = 1;
	classes = {
	};
	objectVersion = 50;
	objects = {

/* Begin PBXBuildFile section */
		B996FE3C24D37B8100A0FAEB /* DayTableViewCell.swift in Sources */ = {isa = PBXBuildFile; fileRef = B996FE3A24D37B8100A0FAEB /* DayTableViewCell.swift */; };
		B996FE3D24D37B8100A0FAEB /* DayTableViewCell.xib in Resources */ = {isa = PBXBuildFile; fileRef = B996FE3B24D37B8100A0FAEB /* DayTableViewCell.xib */; };
		B996FE4424D465BD00A0FAEB /* WeeklyViewController+fromDateToWeekDay.swift in Sources */ = {isa = PBXBuildFile; fileRef = B996FE4324D465BD00A0FAEB /* WeeklyViewController+fromDateToWeekDay.swift */; };
		B99B022924C7C23F00591387 /* AppDelegate.swift in Sources */ = {isa = PBXBuildFile; fileRef = B99B022824C7C23F00591387 /* AppDelegate.swift */; };
		B99B022B24C7C23F00591387 /* SceneDelegate.swift in Sources */ = {isa = PBXBuildFile; fileRef = B99B022A24C7C23F00591387 /* SceneDelegate.swift */; };
		B99B022D24C7C23F00591387 /* CitiesViewController.swift in Sources */ = {isa = PBXBuildFile; fileRef = B99B022C24C7C23F00591387 /* CitiesViewController.swift */; };
		B99B023024C7C23F00591387 /* Main.storyboard in Resources */ = {isa = PBXBuildFile; fileRef = B99B022E24C7C23F00591387 /* Main.storyboard */; };
		B99B023224C7C24000591387 /* Assets.xcassets in Resources */ = {isa = PBXBuildFile; fileRef = B99B023124C7C24000591387 /* Assets.xcassets */; };
		B99B023524C7C24000591387 /* LaunchScreen.storyboard in Resources */ = {isa = PBXBuildFile; fileRef = B99B023324C7C24000591387 /* LaunchScreen.storyboard */; };
		B99B024224C7C9A300591387 /* CityTableViewCell.swift in Sources */ = {isa = PBXBuildFile; fileRef = B99B024124C7C9A300591387 /* CityTableViewCell.swift */; };
		B99B024424C7CAE800591387 /* CurrentWeatherData.swift in Sources */ = {isa = PBXBuildFile; fileRef = B99B024324C7CAE800591387 /* CurrentWeatherData.swift */; };
		B99B024724C7CB3600591387 /* CurrentWeather.swift in Sources */ = {isa = PBXBuildFile; fileRef = B99B024624C7CB3600591387 /* CurrentWeather.swift */; };
		B99B024924C7CB5700591387 /* NetworkManager.swift in Sources */ = {isa = PBXBuildFile; fileRef = B99B024824C7CB5700591387 /* NetworkManager.swift */; };
		B99B024B24C7F62100591387 /* Constant.swift in Sources */ = {isa = PBXBuildFile; fileRef = B99B024A24C7F62100591387 /* Constant.swift */; };
		B99B024D24CA780800591387 /* WeeklyViewController.swift in Sources */ = {isa = PBXBuildFile; fileRef = B99B024C24CA780800591387 /* WeeklyViewController.swift */; };
		B99B024F24CA7B1100591387 /* WeaklyWeatherData.swift in Sources */ = {isa = PBXBuildFile; fileRef = B99B024E24CA7B1100591387 /* WeaklyWeatherData.swift */; };
		B99B025124CA7B3800591387 /* WeeklyWeather.swift in Sources */ = {isa = PBXBuildFile; fileRef = B99B025024CA7B3800591387 /* WeeklyWeather.swift */; };
/* End PBXBuildFile section */

/* Begin PBXFileReference section */
		B996FE3A24D37B8100A0FAEB /* DayTableViewCell.swift */ = {isa = PBXFileReference; lastKnownFileType = sourcecode.swift; path = DayTableViewCell.swift; sourceTree = "<group>"; };
		B996FE3B24D37B8100A0FAEB /* DayTableViewCell.xib */ = {isa = PBXFileReference; lastKnownFileType = file.xib; path = DayTableViewCell.xib; sourceTree = "<group>"; };
		B996FE4324D465BD00A0FAEB /* WeeklyViewController+fromDateToWeekDay.swift */ = {isa = PBXFileReference; lastKnownFileType = sourcecode.swift; path = "WeeklyViewController+fromDateToWeekDay.swift"; sourceTree = "<group>"; };
		B99B022524C7C23F00591387 /* Weather v6.app */ = {isa = PBXFileReference; explicitFileType = wrapper.application; includeInIndex = 0; path = "Weather v6.app"; sourceTree = BUILT_PRODUCTS_DIR; };
		B99B022824C7C23F00591387 /* AppDelegate.swift */ = {isa = PBXFileReference; lastKnownFileType = sourcecode.swift; path = AppDelegate.swift; sourceTree = "<group>"; };
		B99B022A24C7C23F00591387 /* SceneDelegate.swift */ = {isa = PBXFileReference; lastKnownFileType = sourcecode.swift; path = SceneDelegate.swift; sourceTree = "<group>"; };
		B99B022C24C7C23F00591387 /* CitiesViewController.swift */ = {isa = PBXFileReference; lastKnownFileType = sourcecode.swift; path = CitiesViewController.swift; sourceTree = "<group>"; };
		B99B022F24C7C23F00591387 /* Base */ = {isa = PBXFileReference; lastKnownFileType = file.storyboard; name = Base; path = Base.lproj/Main.storyboard; sourceTree = "<group>"; };
		B99B023124C7C24000591387 /* Assets.xcassets */ = {isa = PBXFileReference; lastKnownFileType = folder.assetcatalog; path = Assets.xcassets; sourceTree = "<group>"; };
		B99B023424C7C24000591387 /* Base */ = {isa = PBXFileReference; lastKnownFileType = file.storyboard; name = Base; path = Base.lproj/LaunchScreen.storyboard; sourceTree = "<group>"; };
		B99B023624C7C24000591387 /* Info.plist */ = {isa = PBXFileReference; lastKnownFileType = text.plist.xml; path = Info.plist; sourceTree = "<group>"; };
		B99B024124C7C9A300591387 /* CityTableViewCell.swift */ = {isa = PBXFileReference; lastKnownFileType = sourcecode.swift; path = CityTableViewCell.swift; sourceTree = "<group>"; };
		B99B024324C7CAE800591387 /* CurrentWeatherData.swift */ = {isa = PBXFileReference; lastKnownFileType = sourcecode.swift; path = CurrentWeatherData.swift; sourceTree = "<group>"; };
		B99B024624C7CB3600591387 /* CurrentWeather.swift */ = {isa = PBXFileReference; lastKnownFileType = sourcecode.swift; path = CurrentWeather.swift; sourceTree = "<group>"; };
		B99B024824C7CB5700591387 /* NetworkManager.swift */ = {isa = PBXFileReference; lastKnownFileType = sourcecode.swift; path = NetworkManager.swift; sourceTree = "<group>"; };
		B99B024A24C7F62100591387 /* Constant.swift */ = {isa = PBXFileReference; lastKnownFileType = sourcecode.swift; path = Constant.swift; sourceTree = "<group>"; };
		B99B024C24CA780800591387 /* WeeklyViewController.swift */ = {isa = PBXFileReference; lastKnownFileType = sourcecode.swift; path = WeeklyViewController.swift; sourceTree = "<group>"; };
		B99B024E24CA7B1100591387 /* WeaklyWeatherData.swift */ = {isa = PBXFileReference; lastKnownFileType = sourcecode.swift; path = WeaklyWeatherData.swift; sourceTree = "<group>"; };
		B99B025024CA7B3800591387 /* WeeklyWeather.swift */ = {isa = PBXFileReference; lastKnownFileType = sourcecode.swift; path = WeeklyWeather.swift; sourceTree = "<group>"; };
/* End PBXFileReference section */

/* Begin PBXFrameworksBuildPhase section */
		B99B022224C7C23F00591387 /* Frameworks */ = {
			isa = PBXFrameworksBuildPhase;
			buildActionMask = 2147483647;
			files = (
			);
			runOnlyForDeploymentPostprocessing = 0;
		};
/* End PBXFrameworksBuildPhase section */

/* Begin PBXGroup section */
		B925F2E124D3667800BE6743 /* Views */ = {
			isa = PBXGroup;
			children = (
				B99B022E24C7C23F00591387 /* Main.storyboard */,
				B99B023324C7C24000591387 /* LaunchScreen.storyboard */,
			);
			path = Views;
			sourceTree = "<group>";
		};
		B996FE4024D4616700A0FAEB /* Extensions */ = {
			isa = PBXGroup;
			children = (
				B996FE4324D465BD00A0FAEB /* WeeklyViewController+fromDateToWeekDay.swift */,
			);
			path = Extensions;
			sourceTree = "<group>";
		};
		B996FE4124D463DD00A0FAEB /* View Controllers */ = {
			isa = PBXGroup;
			children = (
				B99B022C24C7C23F00591387 /* CitiesViewController.swift */,
				B99B024C24CA780800591387 /* WeeklyViewController.swift */,
			);
			path = "View Controllers";
			sourceTree = "<group>";
		};
		B996FE4224D4641600A0FAEB /* Supporting files */ = {
			isa = PBXGroup;
			children = (
				B99B024A24C7F62100591387 /* Constant.swift */,
				B99B022A24C7C23F00591387 /* SceneDelegate.swift */,
				B99B023124C7C24000591387 /* Assets.xcassets */,
				B99B022824C7C23F00591387 /* AppDelegate.swift */,
			);
			path = "Supporting files";
			sourceTree = "<group>";
		};
		B99B021C24C7C23F00591387 = {
			isa = PBXGroup;
			children = (
				B99B022724C7C23F00591387 /* Weather v6 */,
				B99B022624C7C23F00591387 /* Products */,
			);
			sourceTree = "<group>";
		};
		B99B022624C7C23F00591387 /* Products */ = {
			isa = PBXGroup;
			children = (
				B99B022524C7C23F00591387 /* Weather v6.app */,
			);
			name = Products;
			sourceTree = "<group>";
		};
		B99B022724C7C23F00591387 /* Weather v6 */ = {
			isa = PBXGroup;
			children = (
				B996FE4024D4616700A0FAEB /* Extensions */,
				B925F2E124D3667800BE6743 /* Views */,
				B99B024524C7CB2400591387 /* Model */,
				B996FE4124D463DD00A0FAEB /* View Controllers */,
				B99B024024C7C2F900591387 /* Cell */,
				B996FE4224D4641600A0FAEB /* Supporting files */,
				B99B023624C7C24000591387 /* Info.plist */,
			);
			path = "Weather v6";
			sourceTree = "<group>";
		};
		B99B024024C7C2F900591387 /* Cell */ = {
			isa = PBXGroup;
			children = (
				B99B024124C7C9A300591387 /* CityTableViewCell.swift */,
				B996FE3A24D37B8100A0FAEB /* DayTableViewCell.swift */,
				B996FE3B24D37B8100A0FAEB /* DayTableViewCell.xib */,
			);
			path = Cell;
			sourceTree = "<group>";
		};
		B99B024524C7CB2400591387 /* Model */ = {
			isa = PBXGroup;
			children = (
				B99B025024CA7B3800591387 /* WeeklyWeather.swift */,
				B99B024E24CA7B1100591387 /* WeaklyWeatherData.swift */,
				B99B024624C7CB3600591387 /* CurrentWeather.swift */,
				B99B024324C7CAE800591387 /* CurrentWeatherData.swift */,
				B99B024824C7CB5700591387 /* NetworkManager.swift */,
			);
			path = Model;
			sourceTree = "<group>";
		};
/* End PBXGroup section */

/* Begin PBXNativeTarget section */
		B99B022424C7C23F00591387 /* Weather v6 */ = {
			isa = PBXNativeTarget;
			buildConfigurationList = B99B023924C7C24000591387 /* Build configuration list for PBXNativeTarget "Weather v6" */;
			buildPhases = (
				B99B022124C7C23F00591387 /* Sources */,
				B99B022224C7C23F00591387 /* Frameworks */,
				B99B022324C7C23F00591387 /* Resources */,
			);
			buildRules = (
			);
			dependencies = (
			);
			name = "Weather v6";
			productName = "Weather v6";
			productReference = B99B022524C7C23F00591387 /* Weather v6.app */;
			productType = "com.apple.product-type.application";
		};
/* End PBXNativeTarget section */

/* Begin PBXProject section */
		B99B021D24C7C23F00591387 /* Project object */ = {
			isa = PBXProject;
			attributes = {
				LastSwiftUpdateCheck = 1150;
				LastUpgradeCheck = 1150;
				ORGANIZATIONNAME = "Maxim Nikitin";
				TargetAttributes = {
					B99B022424C7C23F00591387 = {
						CreatedOnToolsVersion = 11.5;
					};
				};
			};
			buildConfigurationList = B99B022024C7C23F00591387 /* Build configuration list for PBXProject "Weather v6" */;
			compatibilityVersion = "Xcode 9.3";
			developmentRegion = en;
			hasScannedForEncodings = 0;
			knownRegions = (
				en,
				Base,
			);
			mainGroup = B99B021C24C7C23F00591387;
			productRefGroup = B99B022624C7C23F00591387 /* Products */;
			projectDirPath = "";
			projectRoot = "";
			targets = (
				B99B022424C7C23F00591387 /* Weather v6 */,
			);
		};
/* End PBXProject section */

/* Begin PBXResourcesBuildPhase section */
		B99B022324C7C23F00591387 /* Resources */ = {
			isa = PBXResourcesBuildPhase;
			buildActionMask = 2147483647;
			files = (
				B99B023524C7C24000591387 /* LaunchScreen.storyboard in Resources */,
				B99B023224C7C24000591387 /* Assets.xcassets in Resources */,
				B996FE3D24D37B8100A0FAEB /* DayTableViewCell.xib in Resources */,
				B99B023024C7C23F00591387 /* Main.storyboard in Resources */,
			);
			runOnlyForDeploymentPostprocessing = 0;
		};
/* End PBXResourcesBuildPhase section */

/* Begin PBXSourcesBuildPhase section */
		B99B022124C7C23F00591387 /* Sources */ = {
			isa = PBXSourcesBuildPhase;
			buildActionMask = 2147483647;
			files = (
				B99B022D24C7C23F00591387 /* CitiesViewController.swift in Sources */,
				B99B022924C7C23F00591387 /* AppDelegate.swift in Sources */,
				B99B024424C7CAE800591387 /* CurrentWeatherData.swift in Sources */,
				B99B024B24C7F62100591387 /* Constant.swift in Sources */,
				B99B024924C7CB5700591387 /* NetworkManager.swift in Sources */,
				B99B024F24CA7B1100591387 /* WeaklyWeatherData.swift in Sources */,
				B99B024224C7C9A300591387 /* CityTableViewCell.swift in Sources */,
				B99B024D24CA780800591387 /* WeeklyViewController.swift in Sources */,
				B996FE4424D465BD00A0FAEB /* WeeklyViewController+fromDateToWeekDay.swift in Sources */,
				B99B025124CA7B3800591387 /* WeeklyWeather.swift in Sources */,
				B99B024724C7CB3600591387 /* CurrentWeather.swift in Sources */,
				B996FE3C24D37B8100A0FAEB /* DayTableViewCell.swift in Sources */,
				B99B022B24C7C23F00591387 /* SceneDelegate.swift in Sources */,
			);
			runOnlyForDeploymentPostprocessing = 0;
		};
/* End PBXSourcesBuildPhase section */

/* Begin PBXVariantGroup section */
		B99B022E24C7C23F00591387 /* Main.storyboard */ = {
			isa = PBXVariantGroup;
			children = (
				B99B022F24C7C23F00591387 /* Base */,
			);
			name = Main.storyboard;
			sourceTree = "<group>";
		};
		B99B023324C7C24000591387 /* LaunchScreen.storyboard */ = {
			isa = PBXVariantGroup;
			children = (
				B99B023424C7C24000591387 /* Base */,
			);
			name = LaunchScreen.storyboard;
			sourceTree = "<group>";
		};
/* End PBXVariantGroup section */

/* Begin XCBuildConfiguration section */
		B99B023724C7C24000591387 /* Debug */ = {
			isa = XCBuildConfiguration;
			buildSettings = {
				ALWAYS_SEARCH_USER_PATHS = NO;
				CLANG_ANALYZER_NONNULL = YES;
				CLANG_ANALYZER_NUMBER_OBJECT_CONVERSION = YES_AGGRESSIVE;
				CLANG_CXX_LANGUAGE_STANDARD = "gnu++14";
				CLANG_CXX_LIBRARY = "libc++";
				CLANG_ENABLE_MODULES = YES;
				CLANG_ENABLE_OBJC_ARC = YES;
				CLANG_ENABLE_OBJC_WEAK = YES;
				CLANG_WARN_BLOCK_CAPTURE_AUTORELEASING = YES;
				CLANG_WARN_BOOL_CONVERSION = YES;
				CLANG_WARN_COMMA = YES;
				CLANG_WARN_CONSTANT_CONVERSION = YES;
				CLANG_WARN_DEPRECATED_OBJC_IMPLEMENTATIONS = YES;
				CLANG_WARN_DIRECT_OBJC_ISA_USAGE = YES_ERROR;
				CLANG_WARN_DOCUMENTATION_COMMENTS = YES;
				CLANG_WARN_EMPTY_BODY = YES;
				CLANG_WARN_ENUM_CONVERSION = YES;
				CLANG_WARN_INFINITE_RECURSION = YES;
				CLANG_WARN_INT_CONVERSION = YES;
				CLANG_WARN_NON_LITERAL_NULL_CONVERSION = YES;
				CLANG_WARN_OBJC_IMPLICIT_RETAIN_SELF = YES;
				CLANG_WARN_OBJC_LITERAL_CONVERSION = YES;
				CLANG_WARN_OBJC_ROOT_CLASS = YES_ERROR;
				CLANG_WARN_RANGE_LOOP_ANALYSIS = YES;
				CLANG_WARN_STRICT_PROTOTYPES = YES;
				CLANG_WARN_SUSPICIOUS_MOVE = YES;
				CLANG_WARN_UNGUARDED_AVAILABILITY = YES_AGGRESSIVE;
				CLANG_WARN_UNREACHABLE_CODE = YES;
				CLANG_WARN__DUPLICATE_METHOD_MATCH = YES;
				COPY_PHASE_STRIP = NO;
				DEBUG_INFORMATION_FORMAT = dwarf;
				ENABLE_STRICT_OBJC_MSGSEND = YES;
				ENABLE_TESTABILITY = YES;
				GCC_C_LANGUAGE_STANDARD = gnu11;
				GCC_DYNAMIC_NO_PIC = NO;
				GCC_NO_COMMON_BLOCKS = YES;
				GCC_OPTIMIZATION_LEVEL = 0;
				GCC_PREPROCESSOR_DEFINITIONS = (
					"DEBUG=1",
					"$(inherited)",
				);
				GCC_WARN_64_TO_32_BIT_CONVERSION = YES;
				GCC_WARN_ABOUT_RETURN_TYPE = YES_ERROR;
				GCC_WARN_UNDECLARED_SELECTOR = YES;
				GCC_WARN_UNINITIALIZED_AUTOS = YES_AGGRESSIVE;
				GCC_WARN_UNUSED_FUNCTION = YES;
				GCC_WARN_UNUSED_VARIABLE = YES;
				IPHONEOS_DEPLOYMENT_TARGET = 13.5;
				MTL_ENABLE_DEBUG_INFO = INCLUDE_SOURCE;
				MTL_FAST_MATH = YES;
				ONLY_ACTIVE_ARCH = YES;
				SDKROOT = iphoneos;
				SWIFT_ACTIVE_COMPILATION_CONDITIONS = DEBUG;
				SWIFT_OPTIMIZATION_LEVEL = "-Onone";
			};
			name = Debug;
		};
		B99B023824C7C24000591387 /* Release */ = {
			isa = XCBuildConfiguration;
			buildSettings = {
				ALWAYS_SEARCH_USER_PATHS = NO;
				CLANG_ANALYZER_NONNULL = YES;
				CLANG_ANALYZER_NUMBER_OBJECT_CONVERSION = YES_AGGRESSIVE;
				CLANG_CXX_LANGUAGE_STANDARD = "gnu++14";
				CLANG_CXX_LIBRARY = "libc++";
				CLANG_ENABLE_MODULES = YES;
				CLANG_ENABLE_OBJC_ARC = YES;
				CLANG_ENABLE_OBJC_WEAK = YES;
				CLANG_WARN_BLOCK_CAPTURE_AUTORELEASING = YES;
				CLANG_WARN_BOOL_CONVERSION = YES;
				CLANG_WARN_COMMA = YES;
				CLANG_WARN_CONSTANT_CONVERSION = YES;
				CLANG_WARN_DEPRECATED_OBJC_IMPLEMENTATIONS = YES;
				CLANG_WARN_DIRECT_OBJC_ISA_USAGE = YES_ERROR;
				CLANG_WARN_DOCUMENTATION_COMMENTS = YES;
				CLANG_WARN_EMPTY_BODY = YES;
				CLANG_WARN_ENUM_CONVERSION = YES;
				CLANG_WARN_INFINITE_RECURSION = YES;
				CLANG_WARN_INT_CONVERSION = YES;
				CLANG_WARN_NON_LITERAL_NULL_CONVERSION = YES;
				CLANG_WARN_OBJC_IMPLICIT_RETAIN_SELF = YES;
				CLANG_WARN_OBJC_LITERAL_CONVERSION = YES;
				CLANG_WARN_OBJC_ROOT_CLASS = YES_ERROR;
				CLANG_WARN_RANGE_LOOP_ANALYSIS = YES;
				CLANG_WARN_STRICT_PROTOTYPES = YES;
				CLANG_WARN_SUSPICIOUS_MOVE = YES;
				CLANG_WARN_UNGUARDED_AVAILABILITY = YES_AGGRESSIVE;
				CLANG_WARN_UNREACHABLE_CODE = YES;
				CLANG_WARN__DUPLICATE_METHOD_MATCH = YES;
				COPY_PHASE_STRIP = NO;
				DEBUG_INFORMATION_FORMAT = "dwarf-with-dsym";
				ENABLE_NS_ASSERTIONS = NO;
				ENABLE_STRICT_OBJC_MSGSEND = YES;
				GCC_C_LANGUAGE_STANDARD = gnu11;
				GCC_NO_COMMON_BLOCKS = YES;
				GCC_WARN_64_TO_32_BIT_CONVERSION = YES;
				GCC_WARN_ABOUT_RETURN_TYPE = YES_ERROR;
				GCC_WARN_UNDECLARED_SELECTOR = YES;
				GCC_WARN_UNINITIALIZED_AUTOS = YES_AGGRESSIVE;
				GCC_WARN_UNUSED_FUNCTION = YES;
				GCC_WARN_UNUSED_VARIABLE = YES;
				IPHONEOS_DEPLOYMENT_TARGET = 13.5;
				MTL_ENABLE_DEBUG_INFO = NO;
				MTL_FAST_MATH = YES;
				SDKROOT = iphoneos;
				SWIFT_COMPILATION_MODE = wholemodule;
				SWIFT_OPTIMIZATION_LEVEL = "-O";
				VALIDATE_PRODUCT = YES;
			};
			name = Release;
		};
		B99B023A24C7C24000591387 /* Debug */ = {
			isa = XCBuildConfiguration;
			buildSettings = {
				ASSETCATALOG_COMPILER_APPICON_NAME = AppIcon;
				CODE_SIGN_STYLE = Automatic;
				DEVELOPMENT_TEAM = 89B98ZU3PL;
				INFOPLIST_FILE = "Weather v6/Info.plist";
				LD_RUNPATH_SEARCH_PATHS = (
					"$(inherited)",
					"@executable_path/Frameworks",
				);
				PRODUCT_BUNDLE_IDENTIFIER = "max.Weather-v6";
				PRODUCT_NAME = "$(TARGET_NAME)";
				SWIFT_VERSION = 5.0;
				TARGETED_DEVICE_FAMILY = "1,2";
			};
			name = Debug;
		};
		B99B023B24C7C24000591387 /* Release */ = {
			isa = XCBuildConfiguration;
			buildSettings = {
				ASSETCATALOG_COMPILER_APPICON_NAME = AppIcon;
				CODE_SIGN_STYLE = Automatic;
				DEVELOPMENT_TEAM = 89B98ZU3PL;
				INFOPLIST_FILE = "Weather v6/Info.plist";
				LD_RUNPATH_SEARCH_PATHS = (
					"$(inherited)",
					"@executable_path/Frameworks",
				);
				PRODUCT_BUNDLE_IDENTIFIER = "max.Weather-v6";
				PRODUCT_NAME = "$(TARGET_NAME)";
				SWIFT_VERSION = 5.0;
				TARGETED_DEVICE_FAMILY = "1,2";
			};
			name = Release;
		};
/* End XCBuildConfiguration section */

/* Begin XCConfigurationList section */
		B99B022024C7C23F00591387 /* Build configuration list for PBXProject "Weather v6" */ = {
			isa = XCConfigurationList;
			buildConfigurations = (
				B99B023724C7C24000591387 /* Debug */,
				B99B023824C7C24000591387 /* Release */,
			);
			defaultConfigurationIsVisible = 0;
			defaultConfigurationName = Release;
		};
		B99B023924C7C24000591387 /* Build configuration list for PBXNativeTarget "Weather v6" */ = {
			isa = XCConfigurationList;
			buildConfigurations = (
				B99B023A24C7C24000591387 /* Debug */,
				B99B023B24C7C24000591387 /* Release */,
			);
			defaultConfigurationIsVisible = 0;
			defaultConfigurationName = Release;
		};
/* End XCConfigurationList section */
	};
	rootObject = B99B021D24C7C23F00591387 /* Project object */;
}
